
Microsoft Visual Studio Solution File, Format Version 12.00
# Visual Studio Version 17
VisualStudioVersion = 17.9.34728.123
MinimumVisualStudioVersion = 10.0.40219.1
Project("{FAE04EC0-301F-11D3-BF4B-00C04F79EFBC}") = "Laba1", "Laba1\Laba1.csproj", "{19AA0C9F-5E92-45C8-8353-96909523430F}"
EndProject
Global
	GlobalSection(SolutionConfigurationPlatforms) = preSolution
		Debug|Any CPU = Debug|Any CPU
		Release|Any CPU = Release|Any CPU
	EndGlobalSection
	GlobalSection(ProjectConfigurationPlatforms) = postSolution
		{19AA0C9F-5E92-45C8-8353-96909523430F}.Debug|Any CPU.ActiveCfg = Debug|Any CPU
		{19AA0C9F-5E92-45C8-8353-96909523430F}.Debug|Any CPU.Build.0 = Debug|Any CPU
		{19AA0C9F-5E92-45C8-8353-96909523430F}.Release|Any CPU.ActiveCfg = Release|Any CPU
		{19AA0C9F-5E92-45C8-8353-96909523430F}.Release|Any CPU.Build.0 = Release|Any CPU
	EndGlobalSection
	GlobalSection(SolutionProperties) = preSolution
		HideSolutionNode = FALSE
	EndGlobalSection
	GlobalSection(ExtensibilityGlobals) = postSolution
		SolutionGuid = {A4A409EB-0BFC-4D39-8043-0C22C4C6E7C4}
	EndGlobalSection
EndGlobal
